
Microsoft Visual Studio Solution File, Format Version 12.00
# Visual Studio Version 17
VisualStudioVersion = 17.5.002.0
MinimumVisualStudioVersion = 10.0.40219.1
Project("{9A19103F-16F7-4668-BE54-9A1E7A4F7556}") = "simple-bank-api", "simple-bank-api.csproj", "{826D86AD-5AA5-494D-AE0A-20F04FE2695E}"
EndProject
Global
	GlobalSection(SolutionConfigurationPlatforms) = preSolution
		Debug|Any CPU = Debug|Any CPU
		Release|Any CPU = Release|Any CPU
	EndGlobalSection
	GlobalSection(ProjectConfigurationPlatforms) = postSolution
		{826D86AD-5AA5-494D-AE0A-20F04FE2695E}.Debug|Any CPU.ActiveCfg = Debug|Any CPU
		{826D86AD-5AA5-494D-AE0A-20F04FE2695E}.Debug|Any CPU.Build.0 = Debug|Any CPU
		{826D86AD-5AA5-494D-AE0A-20F04FE2695E}.Release|Any CPU.ActiveCfg = Release|Any CPU
		{826D86AD-5AA5-494D-AE0A-20F04FE2695E}.Release|Any CPU.Build.0 = Release|Any CPU
	EndGlobalSection
	GlobalSection(SolutionProperties) = preSolution
		HideSolutionNode = FALSE
	EndGlobalSection
	GlobalSection(ExtensibilityGlobals) = postSolution
		SolutionGuid = {0CC29EA9-FC56-415A-B611-ABEC368D6587}
	EndGlobalSection
EndGlobal
